name: Repair P3 lockfile

on:
  push:
    branches:
      - chapter7-p3-1-persistent-supervisor-2026-09-24

permissions:
  contents: write

jobs:
  repair:
    if: github.event.head_commit.author.name != 'github-actions[bot]'
    runs-on: ubuntu-latest
    steps:
      - name: Checkout
        uses: actions/checkout@v4
        with:
          fetch-depth: 1

      - name: Setup Node
        uses: actions/setup-node@v4
        with:
          node-version: 22

      - name: Regenerate lockfile
        run: npm install --package-lock-only --ignore-scripts --no-audit --no-fund

      - name: Commit lockfile if changed
        run: |
          if git diff --quiet -- package-lock.json; then
            echo "Lockfile already synchronized."
            exit 0
          fi
          git config user.name "github-actions[bot]"
          git config user.email "41898282+github-actions[bot]@users.noreply.github.com"
          git add package-lock.json
          git commit -m "chore: synchronize npm lockfile"
          git push